dependencies:
- name: opentelemetry-collector
  repository: https://open-telemetry.github.io/opentelemetry-helm-charts
  version: 0.173.1
- name: kube-prometheus-stack
  repository: https://prometheus-community.github.io/helm-charts
  version: 91.5.2
- name: tempo
  repository: https://grafana.github.io/helm-charts
  version: 1.24.4
digest: sha256:f769dbbd494e4409827b6310864c5b97a4a949050bff1e16a2c23248a0433be6
generated: "2026-10-09T18:10:28.871979-05:00"
